# THIS IS AN AUTOGENERATED FILE. DO NOT EDIT THIS FILE DIRECTLY.
# yarn lockfile v1


"@babel/helper-validator-identifier@^7.12.11":
  version "7.12.11"
  resolved "https://registry.npm.taobao.org/@babel/helper-validator-identifier/download/@babel/helper-validator-identifier-7.12.11.tgz?cache=0&sync_timestamp=1608076995361&other_urls=https%3A%2F%2Fregistry.npm.taobao.org%2F%40babel%2Fhelper-validator-identifier%2Fdownload%2F%40babel%2Fhelper-validator-identifier-7.12.11.tgz#c9a1f021917dcb5ccf0d4e453e399022981fc9ed"
  integrity sha1-yaHwIZF9y1zPDU5FPjmQIpgfye0=

"@babel/parser@^7.12.0":
  version "7.12.11"
  resolved "https://registry.npm.taobao.org/@babel/parser/download/@babel/parser-7.12.11.tgz?cache=0&sync_timestamp=1608076996366&other_urls=https%3A%2F%2Fregistry.npm.taobao.org%2F%40babel%2Fparser%2Fdownload%2F%40babel%2Fparser-7.12.11.tgz#9ce3595bcd74bc5c466905e86c535b8b25011e79"
  integrity sha1-nONZW810vFxGaQXobFNbiyUBHnk=

"@babel/types@^7.12.0":
  version "7.12.12"
  resolved "https://registry.npm.taobao.org/@babel/types/download/@babel/types-7.12.12.tgz#4608a6ec313abbd87afa55004d373ad04a96c299"
  integrity sha1-Rgim7DE6u9h6+lUATTc60EqWwpk=
  dependencies:
    "@babel/helper-validator-identifier" "^7.12.11"
    lodash "^4.17.19"
    to-fast-properties "^2.0.0"

"@vue/compiler-core@3.0.5":
  version "3.0.5"
  resolved "https://registry.npm.taobao.org/@vue/compiler-core/download/@vue/compiler-core-3.0.5.tgz#a6e54cabe9536e74c6513acd2649f311af1d43ac"
  integrity sha1-puVMq+lTbnTGUTrNJknzEa8dQ6w=
  dependencies:
    "@babel/parser" "^7.12.0"
    "@babel/types" "^7.12.0"
    "@vue/shared" "3.0.5"
    estree-walker "^2.0.1"
    source-map "^0.6.1"

"@vue/compiler-dom@3.0.5":
  version "3.0.5"
  resolved "https://registry.npm.taobao.org/@vue/compiler-dom/download/@vue/compiler-dom-3.0.5.tgz#7885a13e6d18f64dde8ebceec052ed2c102696c2"
  integrity sha1-eIWhPm0Y9k3ejrzuwFLtLBAmlsI=
  dependencies:
    "@vue/compiler-core" "3.0.5"
    "@vue/shared" "3.0.5"

"@vue/reactivity@3.0.5":
  version "3.0.5"
  resolved "https://registry.npm.taobao.org/@vue/reactivity/download/@vue/reactivity-3.0.5.tgz#e3789e4d523d845f9ae0b4d770e2b45594742fd2"
  integrity sha1-43ieTVI9hF+a4LTXcOK0VZR0L9I=
  dependencies:
    "@vue/shared" "3.0.5"

"@vue/runtime-core@3.0.5":
  version "3.0.5"
  resolved "https://registry.npm.taobao.org/@vue/runtime-core/download/@vue/runtime-core-3.0.5.tgz#da6331d5f300d5794e9e0ebdc8a8bd72a9e19962"
  integrity sha1-2mMx1fMA1XlOng69yKi9cqnhmWI=
  dependencies:
    "@vue/reactivity" "3.0.5"
    "@vue/shared" "3.0.5"

"@vue/runtime-dom@3.0.5":
  version "3.0.5"
  resolved "https://registry.npm.taobao.org/@vue/runtime-dom/download/@vue/runtime-dom-3.0.5.tgz#1ce2c9c449e26ab06963da0064096e882a7a8935"
  integrity sha1-HOLJxEniarBpY9oAZAluiCp6iTU=
  dependencies:
    "@vue/runtime-core" "3.0.5"
    "@vue/shared" "3.0.5"
    csstype "^2.6.8"

"@vue/shared@3.0.5":
  version "3.0.5"
  resolved "https://registry.npm.taobao.org/@vue/shared/download/@vue/shared-3.0.5.tgz#c131d88bd6713cc4d93b3bb1372edb1983225ff0"
  integrity sha1-wTHYi9ZxPMTZOzuxNy7bGYMiX/A=

csstype@^2.6.8:
  version "2.6.14"
  resolved "https://registry.npm.taobao.org/csstype/download/csstype-2.6.14.tgz?cache=0&sync_timestamp=1610107144219&other_urls=https%3A%2F%2Fregistry.npm.taobao.org%2Fcsstype%2Fdownload%2Fcsstype-2.6.14.tgz#004822a4050345b55ad4dcc00be1d9cf2f4296de"
  integrity sha1-AEgipAUDRbVa1NzAC+HZzy9Clt4=

echarts@^5.0.1:
  version "5.0.1"
  resolved "https://registry.npm.taobao.org/echarts/download/echarts-5.0.1.tgz?cache=0&sync_timestamp=1610775809662&other_urls=https%3A%2F%2Fregistry.npm.taobao.org%2Fecharts%2Fdownload%2Fecharts-5.0.1.tgz#b999ff6f515b1aa851ed09576eaf89686b57ce97"
  integrity sha1-uZn/b1FbGqhR7QlXbq+JaGtXzpc=
  dependencies:
    tslib "2.0.3"
    zrender "5.0.3"

estree-walker@^2.0.1:
  version "2.0.2"
  resolved "https://registry.npm.taobao.org/estree-walker/download/estree-walker-2.0.2.tgz#52f010178c2a4c117a7757cfe942adb7d2da4cac"
  integrity sha1-UvAQF4wqTBF6d1fP6UKtt9LaTKw=

lodash-es@^4.17.20:
  version "4.17.20"
  resolved "https://registry.npm.taobao.org/lodash-es/download/lodash-es-4.17.20.tgz?cache=0&sync_timestamp=1608444851021&other_urls=https%3A%2F%2Fregistry.npm.taobao.org%2Flodash-es%2Fdownload%2Flodash-es-4.17.20.tgz#29f6332eefc60e849f869c264bc71126ad61e8f7"
  integrity sha1-KfYzLu/GDoSfhpwmS8cRJq1h6Pc=

lodash@^4.17.19:
  version "4.17.20"
  resolved "https://registry.npm.taobao.org/lodash/download/lodash-4.17.20.tgz#b44a9b6297bcb698f1c51a3545a2b3b368d59c52"
  integrity sha1-tEqbYpe8tpjxxRo1RaKzs2jVnFI=

resize-observer-polyfill@^1.5.1:
  version "1.5.1"
  resolved "https://registry.npm.taobao.org/resize-observer-polyfill/download/resize-observer-polyfill-1.5.1.tgz#0e9020dd3d21024458d4ebd27e23e40269810464"
  integrity sha1-DpAg3T0hAkRY1OvSfiPkAmmBBGQ=

source-map@^0.6.1:
  version "0.6.1"
  resolved "https://registry.npm.taobao.org/source-map/download/source-map-0.6.1.tgz#74722af32e9614e9c287a8d0bbde48b5e2f1a263"
  integrity sha1-dHIq8y6WFOnCh6jQu95IteLxomM=

to-fast-properties@^2.0.0:
  version "2.0.0"
  resolved "https://registry.npm.taobao.org/to-fast-properties/download/to-fast-properties-2.0.0.tgz#dc5e698cbd079265bc73e0377681a4e4e83f616e"
  integrity sha1-3F5pjL0HkmW8c+A3doGk5Og/YW4=

tslib@2.0.3:
  version "2.0.3"
  resolved "https://registry.npm.taobao.org/tslib/download/tslib-2.0.3.tgz?cache=0&sync_timestamp=1609887539329&other_urls=https%3A%2F%2Fregistry.npm.taobao.org%2Ftslib%2Fdownload%2Ftslib-2.0.3.tgz#8e0741ac45fc0c226e58a17bfc3e64b9bc6ca61c"
  integrity sha1-jgdBrEX8DCJuWKF7/D5kubxsphw=

tslib@^2.1.0:
  version "2.1.0"
  resolved "https://registry.npm.taobao.org/tslib/download/tslib-2.1.0.tgz?cache=0&sync_timestamp=1609887539329&other_urls=https%3A%2F%2Fregistry.npm.taobao.org%2Ftslib%2Fdownload%2Ftslib-2.1.0.tgz#da60860f1c2ecaa5703ab7d39bc05b6bf988b97a"
  integrity sha1-2mCGDxwuyqVwOrfTm8Bba/mIuXo=

typescript@^4.1.3:
  version "4.1.3"
  resolved "https://registry.npm.taobao.org/typescript/download/typescript-4.1.3.tgz?cache=0&other_urls=https%3A%2F%2Fregistry.npm.taobao.org%2Ftypescript%2Fdownload%2Ftypescript-4.1.3.tgz#519d582bd94cba0cf8934c7d8e8467e473f53bb7"
  integrity sha1-UZ1YK9lMugz4k0x9joRn5HP1O7c=

vue3-component-base@^0.0.2:
  version "0.0.2"
  resolved "https://registry.npm.taobao.org/vue3-component-base/download/vue3-component-base-0.0.2.tgz#9b41212e09b92de8a44eb192b259e0d1fbe47d0c"
  integrity sha1-m0EhLgm5LeikTrGSslng0fvkfQw=
  dependencies:
    lodash-es "^4.17.20"
    vue "^3.0.0"

vue@^3.0.0:
  version "3.0.5"
  resolved "https://registry.npm.taobao.org/vue/download/vue-3.0.5.tgz?cache=0&sync_timestamp=1609359872993&other_urls=https%3A%2F%2Fregistry.npm.taobao.org%2Fvue%2Fdownload%2Fvue-3.0.5.tgz#de1b82eba24abfe71e0970fc9b8d4b2babdc3fe1"
  integrity sha1-3huC66JKv+ceCXD8m41LK6vcP+E=
  dependencies:
    "@vue/compiler-dom" "3.0.5"
    "@vue/runtime-dom" "3.0.5"
    "@vue/shared" "3.0.5"

zrender@5.0.3:
  version "5.0.3"
  resolved "https://registry.npm.taobao.org/zrender/download/zrender-5.0.3.tgz#5e04a55d36455067e4536c8ce9c25093f50f6b68"
  integrity sha1-XgSlXTZFUGfkU2yM6cJQk/UPa2g=
  dependencies:
    tslib "2.0.3"
